// !$*UTF8*$!
{
	archiveVersion = 1;
	classes = {
	};
	objectVersion = 46;
	objects = {

/* Begin PBXBuildFile section */
		10D6D7A71F160C250066F0F3 /* RCTWeChatTests.m in Sources */ = {isa = PBXBuildFile; fileRef = 10D6D7A61F160C250066F0F3 /* RCTWeChatTests.m */; };
		10D6D7A91F160C250066F0F3 /* libRCTWeChat.a in Frameworks */ = {isa = PBXBuildFile; fileRef = 86D238421BD0BB9E00C75D01 /* libRCTWeChat.a */; };
		10D6D7AF1F160C3A0066F0F3 /* libReact.a in Frameworks */ = {isa = PBXBuildFile; fileRef = 10D6D76D1F160B090066F0F3 /* libReact.a */; };
		86D238561BD0BC1000C75D01 /* RCTWeChat.m in Sources */ = {isa = PBXBuildFile; fileRef = 86D238551BD0BC1000C75D01 /* RCTWeChat.m */; };
		86D2385D1BD0CA3D00C75D01 /* libWeChatSDK.a in Frameworks */ = {isa = PBXBuildFile; fileRef = 86D238571BD0BC2200C75D01 /* libWeChatSDK.a */; settings = {ATTRIBUTES = (Required, ); }; };
/* End PBXBuildFile section */

/* Begin PBXContainerItemProxy section */
		10D6D76C1F160B090066F0F3 /* PBXContainerItemProxy */ = {
			isa = PBXContainerItemProxy;
			containerPortal = 10D6D75D1F160B090066F0F3 /* React.xcodeproj */;
			proxyType = 2;
			remoteGlobalIDString = 83CBBA2E1A601D0E00E9B192;
			remoteInfo = React;
		};
		10D6D76E1F160B090066F0F3 /* PBXContainerItemProxy */ = {
			isa = PBXContainerItemProxy;
			containerPortal = 10D6D75D1F160B090066F0F3 /* React.xcodeproj */;
			proxyType = 2;
			remoteGlobalIDString = 2D2A28131D9B038B00D4039D;
			remoteInfo = "React-tvOS";
		};
		10D6D7701F160B090066F0F3 /* PBXContainerItemProxy */ = {
			isa = PBXContainerItemProxy;
			containerPortal = 10D6D75D1F160B090066F0F3 /* React.xcodeproj */;
			proxyType = 2;
			remoteGlobalIDString = 3D3C059A1DE3340900C268FA;
			remoteInfo = yoga;
		};
		10D6D7721F160B090066F0F3 /* PBXContainerItemProxy */ = {
			isa = PBXContainerItemProxy;
			containerPortal = 10D6D75D1F160B090066F0F3 /* React.xcodeproj */;
			proxyType = 2;
			remoteGlobalIDString = 3D3C06751DE3340C00C268FA;
			remoteInfo = "yoga-tvOS";
		};
		10D6D7741F160B090066F0F3 /* PBXContainerItemProxy */ = {
			isa = PBXContainerItemProxy;
			containerPortal = 10D6D75D1F160B090066F0F3 /* React.xcodeproj */;
			proxyType = 2;
			remoteGlobalIDString = 3D3CD9251DE5FBEC00167DC4;
			remoteInfo = cxxreact;
		};
		10D6D7761F160B090066F0F3 /* PBXContainerItemProxy */ = {
			isa = PBXContainerItemProxy;
			containerPortal = 10D6D75D1F160B090066F0F3 /* React.xcodeproj */;
			proxyType = 2;
			remoteGlobalIDString = 3D3CD9321DE5FBEE00167DC4;
			remoteInfo = "cxxreact-tvOS";
		};
		10D6D7781F160B090066F0F3 /* PBXContainerItemProxy */ = {
			isa = PBXContainerItemProxy;
			containerPortal = 10D6D75D1F160B090066F0F3 /* React.xcodeproj */;
			proxyType = 2;
			remoteGlobalIDString = 3D3CD90B1DE5FBD600167DC4;
			remoteInfo = jschelpers;
		};
		10D6D77A1F160B090066F0F3 /* PBXContainerItemProxy */ = {
			isa = PBXContainerItemProxy;
			containerPortal = 10D6D75D1F160B090066F0F3 /* React.xcodeproj */;
			proxyType = 2;
			remoteGlobalIDString = 3D3CD9181DE5FBD800167DC4;
			remoteInfo = "jschelpers-tvOS";
		};
		10D6D77C1F160B090066F0F3 /* PBXContainerItemProxy */ = {
			isa = PBXContainerItemProxy;
			containerPortal = 10D6D75D1F160B090066F0F3 /* React.xcodeproj */;
			proxyType = 2;
			remoteGlobalIDString = 139D7ECE1E25DB7D00323FB7;
			remoteInfo = "third-party";
		};
		10D6D77E1F160B090066F0F3 /* PBXContainerItemProxy */ = {
			isa = PBXContainerItemProxy;
			containerPortal = 10D6D75D1F160B090066F0F3 /* React.xcodeproj */;
			proxyType = 2;
			remoteGlobalIDString = 3D383D3C1EBD27B6005632C8;
			remoteInfo = "third-party-tvOS";
		};
		10D6D7801F160B090066F0F3 /* PBXContainerItemProxy */ = {
			isa = PBXContainerItemProxy;
			containerPortal = 10D6D75D1F160B090066F0F3 /* React.xcodeproj */;
			proxyType = 2;
			remoteGlobalIDString = 139D7E881E25C6D100323FB7;
			remoteInfo = "double-conversion";
		};
		10D6D7821F160B090066F0F3 /* PBXContainerItemProxy */ = {
			isa = PBXContainerItemProxy;
			containerPortal = 10D6D75D1F160B090066F0F3 /* React.xcodeproj */;
			proxyType = 2;
			remoteGlobalIDString = 3D383D621EBD27B9005632C8;
			remoteInfo = "double-conversion-tvOS";
		};
		10D6D7AA1F160C250066F0F3 /* PBXContainerItemProxy */ = {
			isa = PBXContainerItemProxy;
			containerPortal = 86D2383A1BD0BB9E00C75D01 /* Project object */;
			proxyType = 1;
			remoteGlobalIDString = 86D238411BD0BB9E00C75D01;
			remoteInfo = RCTWeChat;
		};
/* End PBXContainerItemProxy section */

/* Begin PBXCopyFilesBuildPhase section */
		86D238401BD0BB9E00C75D01 /* CopyFiles */ = {
			isa = PBXCopyFilesBuildPhase;
			buildActionMask = 2147483647;
			dstPath = "include/$(PRODUCT_NAME)";
			dstSubfolderSpec = 16;
			files = (
			);
			runOnlyForDeploymentPostprocessing = 0;
		};
/* End PBXCopyFilesBuildPhase section */

/* Begin PBXFileReference section */
		10D6D75D1F160B090066F0F3 /* React.xcodeproj */ = {isa = PBXFileReference; lastKnownFileType = "wrapper.pb-project"; name = React.xcodeproj; path = "../node_modules/react-native/React/React.xcodeproj"; sourceTree = "<group>"; };
		10D6D7A41F160C250066F0F3 /* RCTWeChatTests.xctest */ = {isa = PBXFileReference; explicitFileType = wrapper.cfbundle; includeInIndex = 0; path = RCTWeChatTests.xctest; sourceTree = BUILT_PRODUCTS_DIR; };
		10D6D7A61F160C250066F0F3 /* RCTWeChatTests.m */ = {isa = PBXFileReference; lastKnownFileType = sourcecode.c.objc; path = RCTWeChatTests.m; sourceTree = "<group>"; };
		10D6D7A81F160C250066F0F3 /* Info.plist */ = {isa = PBXFileReference; lastKnownFileType = text.plist.xml; path = Info.plist; sourceTree = "<group>"; };
		86D238421BD0BB9E00C75D01 /* libRCTWeChat.a */ = {isa = PBXFileReference; explicitFileType = archive.ar; includeInIndex = 0; path = libRCTWeChat.a; sourceTree = BUILT_PRODUCTS_DIR; };
		86D238541BD0BC1000C75D01 /* RCTWeChat.h */ = {isa = PBXFileReference; fileEncoding = 4; lastKnownFileType = sourcecode.c.h; path = RCTWeChat.h; sourceTree = SOURCE_ROOT; };
		86D238551BD0BC1000C75D01 /* RCTWeChat.m */ = {isa = PBXFileReference; fileEncoding = 4; lastKnownFileType = sourcecode.c.objc; path = RCTWeChat.m; sourceTree = SOURCE_ROOT; };
		86D238571BD0BC2200C75D01 /* libWeChatSDK.a */ = {isa = PBXFileReference; lastKnownFileType = archive.ar; path = libWeChatSDK.a; sourceTree = "<group>"; };
		86D238581BD0BC2200C75D01 /* WXApi.h */ = {isa = PBXFileReference; fileEncoding = 4; lastKnownFileType = sourcecode.c.h; path = WXApi.h; sourceTree = "<group>"; };
		86D238591BD0BC2200C75D01 /* WXApiObject.h */ = {isa = PBXFileReference; fileEncoding = 4; lastKnownFileType = sourcecode.c.h; path = WXApiObject.h; sourceTree = "<group>"; };
/* End PBXFileReference section */

/* Begin PBXFrameworksBuildPhase section */
		10D6D7A11F160C250066F0F3 /* Frameworks */ = {
			isa = PBXFrameworksBuildPhase;
			buildActionMask = 2147483647;
			files = (
				10D6D7AF1F160C3A0066F0F3 /* libReact.a in Frameworks */,
				10D6D7A91F160C250066F0F3 /* libRCTWeChat.a in Frameworks */,
			);
			runOnlyForDeploymentPostprocessing = 0;
		};
		86D2383F1BD0BB9E00C75D01 /* Frameworks */ = {
			isa = PBXFrameworksBuildPhase;
			buildActionMask = 2147483647;
			files = (
				86D2385D1BD0CA3D00C75D01 /* libWeChatSDK.a in Frameworks */,
			);
			runOnlyForDeploymentPostprocessing = 0;
		};
/* End PBXFrameworksBuildPhase section */

/* Begin PBXGroup section */
		10D6D75E1F160B090066F0F3 /* Products */ = {
			isa = PBXGroup;
			children = (
				10D6D76D1F160B090066F0F3 /* libReact.a */,
				10D6D76F1F160B090066F0F3 /* libReact.a */,
				10D6D7711F160B090066F0F3 /* libyoga.a */,
				10D6D7731F160B090066F0F3 /* libyoga.a */,
				10D6D7751F160B090066F0F3 /* libcxxreact.a */,
				10D6D7771F160B090066F0F3 /* libcxxreact.a */,
				10D6D7791F160B090066F0F3 /* libjschelpers.a */,
				10D6D77B1F160B090066F0F3 /* libjschelpers.a */,
				10D6D77D1F160B090066F0F3 /* libthird-party.a */,
				10D6D77F1F160B090066F0F3 /* libthird-party.a */,
				10D6D7811F160B090066F0F3 /* libdouble-conversion.a */,
				10D6D7831F160B090066F0F3 /* libdouble-conversion.a */,
			);
			name = Products;
			sourceTree = "<group>";
		};
		10D6D7A51F160C250066F0F3 /* RCTWeChatTests */ = {
			isa = PBXGroup;
			children = (
				10D6D7A61F160C250066F0F3 /* RCTWeChatTests.m */,
				10D6D7A81F160C250066F0F3 /* Info.plist */,
			);
			path = RCTWeChatTests;
			sourceTree = "<group>";
		};
		86D238391BD0BB9E00C75D01 = {
			isa = PBXGroup;
			children = (
				86D238571BD0BC2200C75D01 /* libWeChatSDK.a */,
				86D238581BD0BC2200C75D01 /* WXApi.h */,
				86D238591BD0BC2200C75D01 /* WXApiObject.h */,
				86D238441BD0BB9E00C75D01 /* RCTWeChat */,
				10D6D7A51F160C250066F0F3 /* RCTWeChatTests */,
				86D238431BD0BB9E00C75D01 /* Products */,
				10D6D75D1F160B090066F0F3 /* React.xcodeproj */,
			);
			sourceTree = "<group>";
		};
		86D238431BD0BB9E00C75D01 /* Products */ = {
			isa = PBXGroup;
			children = (
				86D238421BD0BB9E00C75D01 /* libRCTWeChat.a */,
				10D6D7A41F160C250066F0F3 /* RCTWeChatTests.xctest */,
			);
			name = Products;
			sourceTree = "<group>";
		};
		86D238441BD0BB9E00C75D01 /* RCTWeChat */ = {
			isa = PBXGroup;
			children = (
				86D238541BD0BC1000C75D01 /* RCTWeChat.h */,
				86D238551BD0BC1000C75D01 /* RCTWeChat.m */,
			);
			path = RCTWeChat;
			sourceTree = "<group>";
		};
/* End PBXGroup section */

/* Begin PBXNativeTarget section */
		10D6D7A31F160C250066F0F3 /* RCTWeChatTests */ = {
			isa = PBXNativeTarget;
			buildConfigurationList = 10D6D7AC1F160C250066F0F3 /* Build configuration list for PBXNativeTarget "RCTWeChatTests" */;
			buildPhases = (
				10D6D7A01F160C250066F0F3 /* Sources */,
				10D6D7A11F160C250066F0F3 /* Frameworks */,
				10D6D7A21F160C250066F0F3 /* Resources */,
			);
			buildRules = (
			);
			dependencies = (
				10D6D7AB1F160C250066F0F3 /* PBXTargetDependency */,
			);
			name = RCTWeChatTests;
			productName = RCTWeChatTests;
			productReference = 10D6D7A41F160C250066F0F3 /* RCTWeChatTests.xctest */;
			productType = "com.apple.product-type.bundle.unit-test";
		};
		86D238411BD0BB9E00C75D01 /* RCTWeChat */ = {
			isa = PBXNativeTarget;
			buildConfigurationList = 86D2384B1BD0BB9E00C75D01 /* Build configuration list for PBXNativeTarget "RCTWeChat" */;
			buildPhases = (
				86D2383E1BD0BB9E00C75D01 /* Sources */,
				86D2383F1BD0BB9E00C75D01 /* Frameworks */,
				86D238401BD0BB9E00C75D01 /* CopyFiles */,
			);
			buildRules = (
			);
			dependencies = (
			);
			name = RCTWeChat;
			productName = RCTWeChat;
			productReference = 86D238421BD0BB9E00C75D01 /* libRCTWeChat.a */;
			productType = "com.apple.product-type.library.static";
		};
/* End PBXNativeTarget section */

/* Begin PBXProject section */
		86D2383A1BD0BB9E00C75D01 /* Project object */ = {
			isa = PBXProject;
			attributes = {
				LastUpgradeCheck = 0830;
				ORGANIZATIONNAME = WeFlex;
				TargetAttributes = {
					10D6D7A31F160C250066F0F3 = {
						CreatedOnToolsVersion = 8.3.2;
						DevelopmentTeam = QMP96B5DPW;
						ProvisioningStyle = Automatic;
					};
					86D238411BD0BB9E00C75D01 = {
						CreatedOnToolsVersion = 7.0;
						DevelopmentTeam = JP4369ZCVM;
					};
				};
			};
			buildConfigurationList = 86D2383D1BD0BB9E00C75D01 /* Build configuration list for PBXProject "RCTWeChat" */;
			compatibilityVersion = "Xcode 3.2";
			developmentRegion = English;
			hasScannedForEncodings = 0;
			knownRegions = (
				en,
			);
			mainGroup = 86D238391BD0BB9E00C75D01;
			productRefGroup = 86D238431BD0BB9E00C75D01 /* Products */;
			projectDirPath = "";
			projectReferences = (
				{
					ProductGroup = 10D6D75E1F160B090066F0F3 /* Products */;
					ProjectRef = 10D6D75D1F160B090066F0F3 /* React.xcodeproj */;
				},
			);
			projectRoot = "";
			targets = (
				86D238411BD0BB9E00C75D01 /* RCTWeChat */,
				10D6D7A31F160C250066F0F3 /* RCTWeChatTests */,
			);
		};
/* End PBXProject section */

/* Begin PBXReferenceProxy section */
		10D6D76D1F160B090066F0F3 /* libReact.a */ = {
			isa = PBXReferenceProxy;
			fileType = archive.ar;
			path = libReact.a;
			remoteRef = 10D6D76C1F160B090066F0F3 /* PBXContainerItemProxy */;
			sourceTree = BUILT_PRODUCTS_DIR;
		};
		10D6D76F1F160B090066F0F3 /* libReact.a */ = {
			isa = PBXReferenceProxy;
			fileType = archive.ar;
			path = libReact.a;
			remoteRef = 10D6D76E1F160B090066F0F3 /* PBXContainerItemProxy */;
			sourceTree = BUILT_PRODUCTS_DIR;
		};
		10D6D7711F160B090066F0F3 /* libyoga.a */ = {
			isa = PBXReferenceProxy;
			fileType = archive.ar;
			path = libyoga.a;
			remoteRef = 10D6D7701F160B090066F0F3 /* PBXContainerItemProxy */;
			sourceTree = BUILT_PRODUCTS_DIR;
		};
		10D6D7731F160B090066F0F3 /* libyoga.a */ = {
			isa = PBXReferenceProxy;
			fileType = archive.ar;
			path = libyoga.a;
			remoteRef = 10D6D7721F160B090066F0F3 /* PBXContainerItemProxy */;
			sourceTree = BUILT_PRODUCTS_DIR;
		};
		10D6D7751F160B090066F0F3 /* libcxxreact.a */ = {
			isa = PBXReferenceProxy;
			fileType = archive.ar;
			path = libcxxreact.a;
			remoteRef = 10D6D7741F160B090066F0F3 /* PBXContainerItemProxy */;
			sourceTree = BUILT_PRODUCTS_DIR;
		};
		10D6D7771F160B090066F0F3 /* libcxxreact.a */ = {
			isa = PBXReferenceProxy;
			fileType = archive.ar;
			path = libcxxreact.a;
			remoteRef = 10D6D7761F160B090066F0F3 /* PBXContainerItemProxy */;
			sourceTree = BUILT_PRODUCTS_DIR;
		};
		10D6D7791F160B090066F0F3 /* libjschelpers.a */ = {
			isa = PBXReferenceProxy;
			fileType = archive.ar;
			path = libjschelpers.a;
			remoteRef = 10D6D7781F160B090066F0F3 /* PBXContainerItemProxy */;
			sourceTree = BUILT_PRODUCTS_DIR;
		};
		10D6D77B1F160B090066F0F3 /* libjschelpers.a */ = {
			isa = PBXReferenceProxy;
			fileType = archive.ar;
			path = libjschelpers.a;
			remoteRef = 10D6D77A1F160B090066F0F3 /* PBXContainerItemProxy */;
			sourceTree = BUILT_PRODUCTS_DIR;
		};
		10D6D77D1F160B090066F0F3 /* libthird-party.a */ = {
			isa = PBXReferenceProxy;
			fileType = archive.ar;
			path = "libthird-party.a";
			remoteRef = 10D6D77C1F160B090066F0F3 /* PBXContainerItemProxy */;
			sourceTree = BUILT_PRODUCTS_DIR;
		};
		10D6D77F1F160B090066F0F3 /* libthird-party.a */ = {
			isa = PBXReferenceProxy;
			fileType = archive.ar;
			path = "libthird-party.a";
			remoteRef = 10D6D77E1F160B090066F0F3 /* PBXContainerItemProxy */;
			sourceTree = BUILT_PRODUCTS_DIR;
		};
		10D6D7811F160B090066F0F3 /* libdouble-conversion.a */ = {
			isa = PBXReferenceProxy;
			fileType = archive.ar;
			path = "libdouble-conversion.a";
			remoteRef = 10D6D7801F160B090066F0F3 /* PBXContainerItemProxy */;
			sourceTree = BUILT_PRODUCTS_DIR;
		};
		10D6D7831F160B090066F0F3 /* libdouble-conversion.a */ = {
			isa = PBXReferenceProxy;
			fileType = archive.ar;
			path = "libdouble-conversion.a";
			remoteRef = 10D6D7821F160B090066F0F3 /* PBXContainerItemProxy */;
			sourceTree = BUILT_PRODUCTS_DIR;
		};
/* End PBXReferenceProxy section */

/* Begin PBXResourcesBuildPhase section */
		10D6D7A21F160C250066F0F3 /* Resources */ = {
			isa = PBXResourcesBuildPhase;
			buildActionMask = 2147483647;
			files = (
			);
			runOnlyForDeploymentPostprocessing = 0;
		};
/* End PBXResourcesBuildPhase section */

/* Begin PBXSourcesBuildPhase section */
		10D6D7A01F160C250066F0F3 /* Sources */ = {
			isa = PBXSourcesBuildPhase;
			buildActionMask = 2147483647;
			files = (
				10D6D7A71F160C250066F0F3 /* RCTWeChatTests.m in Sources */,
			);
			runOnlyForDeploymentPostprocessing = 0;
		};
		86D2383E1BD0BB9E00C75D01 /* Sources */ = {
			isa = PBXSourcesBuildPhase;
			buildActionMask = 2147483647;
			files = (
				86D238561BD0BC1000C75D01 /* RCTWeChat.m in Sources */,
			);
			runOnlyForDeploymentPostprocessing = 0;
		};
/* End PBXSourcesBuildPhase section */

/* Begin PBXTargetDependency section */
		10D6D7AB1F160C250066F0F3 /* PBXTargetDependency */ = {
			isa = PBXTargetDependency;
			target = 86D238411BD0BB9E00C75D01 /* RCTWeChat */;
			targetProxy = 10D6D7AA1F160C250066F0F3 /* PBXContainerItemProxy */;
		};
/* End PBXTargetDependency section */

/* Begin XCBuildConfiguration section */
		10D6D7AD1F160C250066F0F3 /* Debug */ = {
			isa = XCBuildConfiguration;
			buildSettings = {
				CLANG_ANALYZER_NONNULL = YES;
				CLANG_ANALYZER_NUMBER_OBJECT_CONVERSION = YES_AGGRESSIVE;
				CLANG_WARN_DOCUMENTATION_COMMENTS = YES;
				CLANG_WARN_INFINITE_RECURSION = YES;
				CLANG_WARN_SUSPICIOUS_MOVE = YES;
				"CODE_SIGN_IDENTITY[sdk=iphoneos*]" = "iPhone Developer";
				DEVELOPMENT_TEAM = QMP96B5DPW;
				INFOPLIST_FILE = RCTWeChatTests/Info.plist;
				IPHONEOS_DEPLOYMENT_TARGET = 10.3;
				LD_RUNPATH_SEARCH_PATHS = "$(inherited) @executable_path/Frameworks @loader_path/Frameworks";
				PRODUCT_BUNDLE_IDENTIFIER = yorkie.RCTWeChatTests;
				PRODUCT_NAME = "$(TARGET_NAME)";
			};
			name = Debug;
		};
		10D6D7AE1F160C250066F0F3 /* Release */ = {
			isa = XCBuildConfiguration;
			buildSettings = {
				CLANG_ANALYZER_NONNULL = YES;
				CLANG_ANALYZER_NUMBER_OBJECT_CONVERSION = YES_AGGRESSIVE;
				CLANG_WARN_DOCUMENTATION_COMMENTS = YES;
				CLANG_WARN_INFINITE_RECURSION = YES;
				CLANG_WARN_SUSPICIOUS_MOVE = YES;
				"CODE_SIGN_IDENTITY[sdk=iphoneos*]" = "iPhone Developer";
				DEVELOPMENT_TEAM = QMP96B5DPW;
				INFOPLIST_FILE = RCTWeChatTests/Info.plist;
				IPHONEOS_DEPLOYMENT_TARGET = 10.3;
				LD_RUNPATH_SEARCH_PATHS = "$(inherited) @executable_path/Frameworks @loader_path/Frameworks";
				PRODUCT_BUNDLE_IDENTIFIER = yorkie.RCTWeChatTests;
				PRODUCT_NAME = "$(TARGET_NAME)";
			};
			name = Release;
		};
		86D238491BD0BB9E00C75D01 /* Debug */ = {
			isa = XCBuildConfiguration;
			buildSettings = {
				ALWAYS_SEARCH_USER_PATHS = NO;
				CLANG_CXX_LANGUAGE_STANDARD = "gnu++0x";
				CLANG_CXX_LIBRARY = "libc++";
				CLANG_ENABLE_MODULES = YES;
				CLANG_ENABLE_OBJC_ARC = YES;
				CLANG_WARN_BOOL_CONVERSION = YES;
				CLANG_WARN_CONSTANT_CONVERSION = YES;
				CLANG_WARN_DIRECT_OBJC_ISA_USAGE = YES_ERROR;
				CLANG_WARN_EMPTY_BODY = YES;
				CLANG_WARN_ENUM_CONVERSION = YES;
				CLANG_WARN_INFINITE_RECURSION = YES;
				CLANG_WARN_INT_CONVERSION = YES;
				CLANG_WARN_OBJC_ROOT_CLASS = YES_ERROR;
				CLANG_WARN_SUSPICIOUS_MOVE = YES;
				CLANG_WARN_UNREACHABLE_CODE = YES;
				CLANG_WARN__DUPLICATE_METHOD_MATCH = YES;
				COPY_PHASE_STRIP = NO;
				DEBUG_INFORMATION_FORMAT = dwarf;
				ENABLE_STRICT_OBJC_MSGSEND = YES;
				ENABLE_TESTABILITY = YES;
				GCC_C_LANGUAGE_STANDARD = gnu99;
				GCC_DYNAMIC_NO_PIC = NO;
				GCC_NO_COMMON_BLOCKS = YES;
				GCC_OPTIMIZATION_LEVEL = 0;
				GCC_PREPROCESSOR_DEFINITIONS = (
					"DEBUG=1",
					"$(inherited)",
				);
				GCC_WARN_64_TO_32_BIT_CONVERSION = YES;
				GCC_WARN_ABOUT_RETURN_TYPE = YES_ERROR;
				GCC_WARN_UNDECLARED_SELECTOR = YES;
				GCC_WARN_UNINITIALIZED_AUTOS = YES_AGGRESSIVE;
				GCC_WARN_UNUSED_FUNCTION = YES;
				GCC_WARN_UNUSED_VARIABLE = YES;
				IPHONEOS_DEPLOYMENT_TARGET = 8.0;
				MTL_ENABLE_DEBUG_INFO = YES;
				ONLY_ACTIVE_ARCH = YES;
				SDKROOT = iphoneos;
			};
			name = Debug;
		};
		86D2384A1BD0BB9E00C75D01 /* Release */ = {
			isa = XCBuildConfiguration;
			buildSettings = {
				ALWAYS_SEARCH_USER_PATHS = NO;
				CLANG_CXX_LANGUAGE_STANDARD = "gnu++0x";
				CLANG_CXX_LIBRARY = "libc++";
				CLANG_ENABLE_MODULES = YES;
				CLANG_ENABLE_OBJC_ARC = YES;
				CLANG_WARN_BOOL_CONVERSION = YES;
				CLANG_WARN_CONSTANT_CONVERSION = YES;
				CLANG_WARN_DIRECT_OBJC_ISA_USAGE = YES_ERROR;
				CLANG_WARN_EMPTY_BODY = YES;
				CLANG_WARN_ENUM_CONVERSION = YES;
				CLANG_WARN_INFINITE_RECURSION = YES;
				CLANG_WARN_INT_CONVERSION = YES;
				CLANG_WARN_OBJC_ROOT_CLASS = YES_ERROR;
				CLANG_WARN_SUSPICIOUS_MOVE = YES;
				CLANG_WARN_UNREACHABLE_CODE = YES;
				CLANG_WARN__DUPLICATE_METHOD_MATCH = YES;
				COPY_PHASE_STRIP = NO;
				DEBUG_INFORMATION_FORMAT = "dwarf-with-dsym";
				ENABLE_NS_ASSERTIONS = NO;
				ENABLE_STRICT_OBJC_MSGSEND = YES;
				GCC_C_LANGUAGE_STANDARD = gnu99;
				GCC_NO_COMMON_BLOCKS = YES;
				GCC_WARN_64_TO_32_BIT_CONVERSION = YES;
				GCC_WARN_ABOUT_RETURN_TYPE = YES_ERROR;
				GCC_WARN_UNDECLARED_SELECTOR = YES;
				GCC_WARN_UNINITIALIZED_AUTOS = YES_AGGRESSIVE;
				GCC_WARN_UNUSED_FUNCTION = YES;
				GCC_WARN_UNUSED_VARIABLE = YES;
				IPHONEOS_DEPLOYMENT_TARGET = 8.0;
				MTL_ENABLE_DEBUG_INFO = NO;
				SDKROOT = iphoneos;
				VALIDATE_PRODUCT = YES;
			};
			name = Release;
		};
		86D2384C1BD0BB9E00C75D01 /* Debug */ = {
			isa = XCBuildConfiguration;
			buildSettings = {
				HEADER_SEARCH_PATHS = (
					"$(inherited)",
					"$(SRCROOT)/../../React/**",
					"$(SRCROOT)/../react-native/React/**",
					"$(SRCROOT)/../node_modules/react-native/React/**",
					"$(SRCROOT)/../node_modules/react-native/Libraries/Image/**",
				);
				LIBRARY_SEARCH_PATHS = (
					"$(inherited)",
					"$(PROJECT_DIR)",
				);
				OTHER_LDFLAGS = "-ObjC";
				PRODUCT_NAME = "$(TARGET_NAME)";
				SKIP_INSTALL = YES;
			};
			name = Debug;
		};
		86D2384D1BD0BB9E00C75D01 /* Release */ = {
			isa = XCBuildConfiguration;
			buildSettings = {
				HEADER_SEARCH_PATHS = (
					"$(inherited)",
					"$(SRCROOT)/../../React/**",
					"$(SRCROOT)/../react-native/React/**",
					"$(SRCROOT)/../node_modules/react-native/React/**",
					"$(SRCROOT)/../node_modules/react-native/Libraries/Image/**",
				);
				LIBRARY_SEARCH_PATHS = (
					"$(inherited)",
					"$(PROJECT_DIR)",
				);
				OTHER_LDFLAGS = "-ObjC";
				PRODUCT_NAME = "$(TARGET_NAME)";
				SKIP_INSTALL = YES;
			};
			name = Release;
		};
/* End XCBuildConfiguration section */

/* Begin XCConfigurationList section */
		10D6D7AC1F160C250066F0F3 /* Build configuration list for PBXNativeTarget "RCTWeChatTests" */ = {
			isa = XCConfigurationList;
			buildConfigurations = (
				10D6D7AD1F160C250066F0F3 /* Debug */,
				10D6D7AE1F160C250066F0F3 /* Release */,
			);
			defaultConfigurationIsVisible = 0;
			defaultConfigurationName = Release;
		};
		86D2383D1BD0BB9E00C75D01 /* Build configuration list for PBXProject "RCTWeChat" */ = {
			isa = XCConfigurationList;
			buildConfigurations = (
				86D238491BD0BB9E00C75D01 /* Debug */,
				86D2384A1BD0BB9E00C75D01 /* Release */,
			);
			defaultConfigurationIsVisible = 0;
			defaultConfigurationName = Release;
		};
		86D2384B1BD0BB9E00C75D01 /* Build configuration list for PBXNativeTarget "RCTWeChat" */ = {
			isa = XCConfigurationList;
			buildConfigurations = (
				86D2384C1BD0BB9E00C75D01 /* Debug */,
				86D2384D1BD0BB9E00C75D01 /* Release */,
			);
			defaultConfigurationIsVisible = 0;
			defaultConfigurationName = Release;
		};
/* End XCConfigurationList section */
	};
	rootObject = 86D2383A1BD0BB9E00C75D01 /* Project object */;
}
